
Microsoft Visual Studio Solution File, Format Version 12.00
# Visual Studio Version 17
VisualStudioVersion = 17.0.31912.275
MinimumVisualStudioVersion = 10.0.40219.1
Project("{9A19103F-16F7-4668-BE54-9A1E7A4F7556}") = "BirdLib", "BirdLib.csproj", "{4B894F35-8A1E-4D6D-AF67-2A318047BB3E}"
EndProject
Project("{FAE04EC0-301F-11D3-BF4B-00C04F79EFBC}") = "BirdLib.Tests", "BirdLib.Tests\BirdLib.Tests.csproj", "{17BD75A5-046E-41D9-A37C-704654A226F2}"
EndProject
Global
	GlobalSection(SolutionConfigurationPlatforms) = preSolution
		Debug|Any CPU = Debug|Any CPU
		Release|Any CPU = Release|Any CPU
	EndGlobalSection
	GlobalSection(ProjectConfigurationPlatforms) = postSolution
		{4B894F35-8A1E-4D6D-AF67-2A318047BB3E}.Debug|Any CPU.ActiveCfg = Debug|Any CPU
		{4B894F35-8A1E-4D6D-AF67-2A318047BB3E}.Debug|Any CPU.Build.0 = Debug|Any CPU
		{4B894F35-8A1E-4D6D-AF67-2A318047BB3E}.Release|Any CPU.ActiveCfg = Release|Any CPU
		{4B894F35-8A1E-4D6D-AF67-2A318047BB3E}.Release|Any CPU.Build.0 = Release|Any CPU
		{17BD75A5-046E-41D9-A37C-704654A226F2}.Debug|Any CPU.ActiveCfg = Debug|Any CPU
		{17BD75A5-046E-41D9-A37C-704654A226F2}.Debug|Any CPU.Build.0 = Debug|Any CPU
		{17BD75A5-046E-41D9-A37C-704654A226F2}.Release|Any CPU.ActiveCfg = Release|Any CPU
		{17BD75A5-046E-41D9-A37C-704654A226F2}.Release|Any CPU.Build.0 = Release|Any CPU
	EndGlobalSection
	GlobalSection(SolutionProperties) = preSolution
		HideSolutionNode = FALSE
	EndGlobalSection
	GlobalSection(ExtensibilityGlobals) = postSolution
		SolutionGuid = {4569F374-2786-4920-8F46-9B0C72420EE3}
	EndGlobalSection
EndGlobal
